
Microsoft Visual Studio Solution File, Format Version 12.00
# Visual Studio 15
VisualStudioVersion = 15.0.28307.572
MinimumVisualStudioVersion = 10.0.40219.1
Project("{8BC9CEB8-8B4A-11D0-8D11-00A0C91BC942}") = "TID", "TID\TID.vcxproj", "{D2082057-087D-48CC-97DA-206FCE1AF884}"
EndProject
Project("{8BC9CEB8-8B4A-11D0-8D11-00A0C91BC942}") = "TIDCore", "TIDCore\TIDCore.vcxproj", "{BBA1B872-F9B1-42F7-8E09-644D6C291092}"
EndProject
Project("{8BC9CEB8-8B4A-11D0-8D11-00A0C91BC942}") = "MODCore", "MODCore\MODCore.vcxproj", "{39904B41-D05B-4735-B4EF-D7D29AE61B36}"
EndProject
Project("{8BC9CEB8-8B4A-11D0-8D11-00A0C91BC942}") = "3DS", "3DS\3DS.vcxproj", "{2535BD6E-678A-4DC8-A1CC-6E23D1C310B0}"
EndProject
Project("{8BC9CEB8-8B4A-11D0-8D11-00A0C91BC942}") = "STL", "STL\STL.vcxproj", "{F8B3C826-E739-444A-A37A-FC30513A455F}"
EndProject
Project("{8BC9CEB8-8B4A-11D0-8D11-00A0C91BC942}") = "lib3ds", "lib3ds\lib3ds.vcxproj", "{9CF2B398-9087-4D33-90EB-0320F42C78F4}"
EndProject
Global
	GlobalSection(SolutionConfigurationPlatforms) = preSolution
		Debug|x64 = Debug|x64
		Debug|x86 = Debug|x86
		Release|x64 = Release|x64
		Release|x86 = Release|x86
		Template|x64 = Template|x64
		Template|x86 = Template|x86
	EndGlobalSection
	GlobalSection(ProjectConfigurationPlatforms) = postSolution
		{D2082057-087D-48CC-97DA-206FCE1AF884}.Debug|x64.ActiveCfg = Debug|Win32
		{D2082057-087D-48CC-97DA-206FCE1AF884}.Debug|x86.ActiveCfg = Debug|Win32
		{D2082057-087D-48CC-97DA-206FCE1AF884}.Debug|x86.Build.0 = Debug|Win32
		{D2082057-087D-48CC-97DA-206FCE1AF884}.Release|x64.ActiveCfg = Release|Win32
		{D2082057-087D-48CC-97DA-206FCE1AF884}.Release|x86.ActiveCfg = Release|Win32
		{D2082057-087D-48CC-97DA-206FCE1AF884}.Release|x86.Build.0 = Release|Win32
		{D2082057-087D-48CC-97DA-206FCE1AF884}.Template|x64.ActiveCfg = Template|Win32
		{D2082057-087D-48CC-97DA-206FCE1AF884}.Template|x86.ActiveCfg = Template|Win32
		{D2082057-087D-48CC-97DA-206FCE1AF884}.Template|x86.Build.0 = Template|Win32
		{BBA1B872-F9B1-42F7-8E09-644D6C291092}.Debug|x64.ActiveCfg = Debug|Win32
		{BBA1B872-F9B1-42F7-8E09-644D6C291092}.Debug|x86.ActiveCfg = Debug|Win32
		{BBA1B872-F9B1-42F7-8E09-644D6C291092}.Debug|x86.Build.0 = Debug|Win32
		{BBA1B872-F9B1-42F7-8E09-644D6C291092}.Release|x64.ActiveCfg = Release|Win32
		{BBA1B872-F9B1-42F7-8E09-644D6C291092}.Release|x86.ActiveCfg = Release|Win32
		{BBA1B872-F9B1-42F7-8E09-644D6C291092}.Release|x86.Build.0 = Release|Win32
		{BBA1B872-F9B1-42F7-8E09-644D6C291092}.Template|x64.ActiveCfg = Release|x64
		{BBA1B872-F9B1-42F7-8E09-644D6C291092}.Template|x64.Build.0 = Release|x64
		{BBA1B872-F9B1-42F7-8E09-644D6C291092}.Template|x86.ActiveCfg = Release|Win32
		{BBA1B872-F9B1-42F7-8E09-644D6C291092}.Template|x86.Build.0 = Release|Win32
		{39904B41-D05B-4735-B4EF-D7D29AE61B36}.Debug|x64.ActiveCfg = Debug|Win32
		{39904B41-D05B-4735-B4EF-D7D29AE61B36}.Debug|x86.ActiveCfg = Debug|Win32
		{39904B41-D05B-4735-B4EF-D7D29AE61B36}.Debug|x86.Build.0 = Debug|Win32
		{39904B41-D05B-4735-B4EF-D7D29AE61B36}.Release|x64.ActiveCfg = Release|Win32
		{39904B41-D05B-4735-B4EF-D7D29AE61B36}.Release|x86.ActiveCfg = Release|Win32
		{39904B41-D05B-4735-B4EF-D7D29AE61B36}.Release|x86.Build.0 = Release|Win32
		{39904B41-D05B-4735-B4EF-D7D29AE61B36}.Template|x64.ActiveCfg = Release|Win32
		{39904B41-D05B-4735-B4EF-D7D29AE61B36}.Template|x64.Build.0 = Release|Win32
		{39904B41-D05B-4735-B4EF-D7D29AE61B36}.Template|x86.ActiveCfg = Release|Win32
		{39904B41-D05B-4735-B4EF-D7D29AE61B36}.Template|x86.Build.0 = Release|Win32
		{2535BD6E-678A-4DC8-A1CC-6E23D1C310B0}.Debug|x64.ActiveCfg = Debug|Win32
		{2535BD6E-678A-4DC8-A1CC-6E23D1C310B0}.Debug|x86.ActiveCfg = Debug|Win32
		{2535BD6E-678A-4DC8-A1CC-6E23D1C310B0}.Debug|x86.Build.0 = Debug|Win32
		{2535BD6E-678A-4DC8-A1CC-6E23D1C310B0}.Release|x64.ActiveCfg = Release|Win32
		{2535BD6E-678A-4DC8-A1CC-6E23D1C310B0}.Release|x86.ActiveCfg = Release|Win32
		{2535BD6E-678A-4DC8-A1CC-6E23D1C310B0}.Release|x86.Build.0 = Release|Win32
		{2535BD6E-678A-4DC8-A1CC-6E23D1C310B0}.Template|x64.ActiveCfg = Release|Win32
		{2535BD6E-678A-4DC8-A1CC-6E23D1C310B0}.Template|x64.Build.0 = Release|Win32
		{2535BD6E-678A-4DC8-A1CC-6E23D1C310B0}.Template|x86.ActiveCfg = Release|Win32
		{2535BD6E-678A-4DC8-A1CC-6E23D1C310B0}.Template|x86.Build.0 = Release|Win32
		{F8B3C826-E739-444A-A37A-FC30513A455F}.Debug|x64.ActiveCfg = Debug|Win32
		{F8B3C826-E739-444A-A37A-FC30513A455F}.Debug|x86.ActiveCfg = Debug|Win32
		{F8B3C826-E739-444A-A37A-FC30513A455F}.Debug|x86.Build.0 = Debug|Win32
		{F8B3C826-E739-444A-A37A-FC30513A455F}.Release|x64.ActiveCfg = Release|Win32
		{F8B3C826-E739-444A-A37A-FC30513A455F}.Release|x86.ActiveCfg = Release|Win32
		{F8B3C826-E739-444A-A37A-FC30513A455F}.Release|x86.Build.0 = Release|Win32
		{F8B3C826-E739-444A-A37A-FC30513A455F}.Template|x64.ActiveCfg = Release|Win32
		{F8B3C826-E739-444A-A37A-FC30513A455F}.Template|x64.Build.0 = Release|Win32
		{F8B3C826-E739-444A-A37A-FC30513A455F}.Template|x86.ActiveCfg = Release|Win32
		{F8B3C826-E739-444A-A37A-FC30513A455F}.Template|x86.Build.0 = Release|Win32
		{9CF2B398-9087-4D33-90EB-0320F42C78F4}.Debug|x64.ActiveCfg = Debug|Win32
		{9CF2B398-9087-4D33-90EB-0320F42C78F4}.Debug|x86.ActiveCfg = Debug|Win32
		{9CF2B398-9087-4D33-90EB-0320F42C78F4}.Debug|x86.Build.0 = Debug|Win32
		{9CF2B398-9087-4D33-90EB-0320F42C78F4}.Release|x64.ActiveCfg = Release|Win32
		{9CF2B398-9087-4D33-90EB-0320F42C78F4}.Release|x86.ActiveCfg = Release|Win32
		{9CF2B398-9087-4D33-90EB-0320F42C78F4}.Release|x86.Build.0 = Release|Win32
		{9CF2B398-9087-4D33-90EB-0320F42C78F4}.Template|x64.ActiveCfg = Release|Win32
		{9CF2B398-9087-4D33-90EB-0320F42C78F4}.Template|x64.Build.0 = Release|Win32
		{9CF2B398-9087-4D33-90EB-0320F42C78F4}.Template|x86.ActiveCfg = Release|Win32
		{9CF2B398-9087-4D33-90EB-0320F42C78F4}.Template|x86.Build.0 = Release|Win32
	EndGlobalSection
	GlobalSection(SolutionProperties) = preSolution
		HideSolutionNode = FALSE
	EndGlobalSection
	GlobalSection(ExtensibilityGlobals) = postSolution
		SolutionGuid = {E78F0DD0-E2BE-4568-A127-27E1643BE2EE}
	EndGlobalSection
EndGlobal
